// !$*UTF8*$!
{
	archiveVersion = 1;
	classes = {
	};
	objectVersion = 46;
	objects = {

/* Begin PBXBuildFile section */
		992F4BCA19ED7E570088B340 /* AppDelegate.swift in Sources */ = {isa = PBXBuildFile; fileRef = 992F4BC919ED7E570088B340 /* AppDelegate.swift */; };
		992F4BCC19ED7E570088B340 /* ViewController.swift in Sources */ = {isa = PBXBuildFile; fileRef = 992F4BCB19ED7E570088B340 /* ViewController.swift */; };
		992F4BCF19ED7E570088B340 /* Main.storyboard in Resources */ = {isa = PBXBuildFile; fileRef = 992F4BCD19ED7E570088B340 /* Main.storyboard */; };
		992F4BD119ED7E570088B340 /* Images.xcassets in Resources */ = {isa = PBXBuildFile; fileRef = 992F4BD019ED7E570088B340 /* Images.xcassets */; };
		992F4BD419ED7E570088B340 /* LaunchScreen.xib in Resources */ = {isa = PBXBuildFile; fileRef = 992F4BD219ED7E570088B340 /* LaunchScreen.xib */; };
		992F4BE019ED7E580088B340 /* Age_Of_LaikaTests.swift in Sources */ = {isa = PBXBuildFile; fileRef = 992F4BDF19ED7E580088B340 /* Age_Of_LaikaTests.swift */; };
/* End PBXBuildFile section */

/* Begin PBXContainerItemProxy section */
		992F4BDA19ED7E580088B340 /* PBXContainerItemProxy */ = {
			isa = PBXContainerItemProxy;
			containerPortal = 992F4BBC19ED7E570088B340 /* Project object */;
			proxyType = 1;
			remoteGlobalIDString = 992F4BC319ED7E570088B340;
			remoteInfo = "Age Of Laika";
		};
/* End PBXContainerItemProxy section */

/* Begin PBXFileReference section */
		992F4BC419ED7E570088B340 /* Age Of Laika.app */ = {isa = PBXFileReference; explicitFileType = wrapper.application; includeInIndex = 0; path = "Age Of Laika.app"; sourceTree = BUILT_PRODUCTS_DIR; };
		992F4BC819ED7E570088B340 /* Info.plist */ = {isa = PBXFileReference; lastKnownFileType = text.plist.xml; path = Info.plist; sourceTree = "<group>"; };
		992F4BC919ED7E570088B340 /* AppDelegate.swift */ = {isa = PBXFileReference; lastKnownFileType = sourcecode.swift; path = AppDelegate.swift; sourceTree = "<group>"; };
		992F4BCB19ED7E570088B340 /* ViewController.swift */ = {isa = PBXFileReference; lastKnownFileType = sourcecode.swift; path = ViewController.swift; sourceTree = "<group>"; };
		992F4BCE19ED7E570088B340 /* Base */ = {isa = PBXFileReference; lastKnownFileType = file.storyboard; name = Base; path = Base.lproj/Main.storyboard; sourceTree = "<group>"; };
		992F4BD019ED7E570088B340 /* Images.xcassets */ = {isa = PBXFileReference; lastKnownFileType = folder.assetcatalog; path = Images.xcassets; sourceTree = "<group>"; };
		992F4BD319ED7E570088B340 /* Base */ = {isa = PBXFileReference; lastKnownFileType = file.xib; name = Base; path = Base.lproj/LaunchScreen.xib; sourceTree = "<group>"; };
		992F4BD919ED7E580088B340 /* Age Of LaikaTests.xctest */ = {isa = PBXFileReference; explicitFileType = wrapper.cfbundle; includeInIndex = 0; path = "Age Of LaikaTests.xctest"; sourceTree = BUILT_PRODUCTS_DIR; };
		992F4BDE19ED7E580088B340 /* Info.plist */ = {isa = PBXFileReference; lastKnownFileType = text.plist.xml; path = Info.plist; sourceTree = "<group>"; };
		992F4BDF19ED7E580088B340 /* Age_Of_LaikaTests.swift */ = {isa = PBXFileReference; lastKnownFileType = sourcecode.swift; path = Age_Of_LaikaTests.swift; sourceTree = "<group>"; };
/* End PBXFileReference section */

/* Begin PBXFrameworksBuildPhase section */
		992F4BC119ED7E570088B340 /* Frameworks */ = {
			isa = PBXFrameworksBuildPhase;
			buildActionMask = 2147483647;
			files = (
			);
			runOnlyForDeploymentPostprocessing = 0;
		};
		992F4BD619ED7E580088B340 /* Frameworks */ = {
			isa = PBXFrameworksBuildPhase;
			buildActionMask = 2147483647;
			files = (
			);
			runOnlyForDeploymentPostprocessing = 0;
		};
/* End PBXFrameworksBuildPhase section */

/* Begin PBXGroup section */
		992F4BBB19ED7E570088B340 = {
			isa = PBXGroup;
			children = (
				992F4BC619ED7E570088B340 /* Age Of Laika */,
				992F4BDC19ED7E580088B340 /* Age Of LaikaTests */,
				992F4BC519ED7E570088B340 /* Products */,
			);
			sourceTree = "<group>";
		};
		992F4BC519ED7E570088B340 /* Products */ = {
			isa = PBXGroup;
			children = (
				992F4BC419ED7E570088B340 /* Age Of Laika.app */,
				992F4BD919ED7E580088B340 /* Age Of LaikaTests.xctest */,
			);
			name = Products;
			sourceTree = "<group>";
		};
		992F4BC619ED7E570088B340 /* Age Of Laika */ = {
			isa = PBXGroup;
			children = (
				992F4BC919ED7E570088B340 /* AppDelegate.swift */,
				992F4BCB19ED7E570088B340 /* ViewController.swift */,
				992F4BCD19ED7E570088B340 /* Main.storyboard */,
				992F4BD019ED7E570088B340 /* Images.xcassets */,
				992F4BD219ED7E570088B340 /* LaunchScreen.xib */,
				992F4BC719ED7E570088B340 /* Supporting Files */,
			);
			path = "Age Of Laika";
			sourceTree = "<group>";
		};
		992F4BC719ED7E570088B340 /* Supporting Files */ = {
			isa = PBXGroup;
			children = (
				992F4BC819ED7E570088B340 /* Info.plist */,
			);
			name = "Supporting Files";
			sourceTree = "<group>";
		};
		992F4BDC19ED7E580088B340 /* Age Of LaikaTests */ = {
			isa = PBXGroup;
			children = (
				992F4BDF19ED7E580088B340 /* Age_Of_LaikaTests.swift */,
				992F4BDD19ED7E580088B340 /* Supporting Files */,
			);
			path = "Age Of LaikaTests";
			sourceTree = "<group>";
		};
		992F4BDD19ED7E580088B340 /* Supporting Files */ = {
			isa = PBXGroup;
			children = (
				992F4BDE19ED7E580088B340 /* Info.plist */,
			);
			name = "Supporting Files";
			sourceTree = "<group>";
		};
/* End PBXGroup section */

/* Begin PBXNativeTarget section */
		992F4BC319ED7E570088B340 /* Age Of Laika */ = {
			isa = PBXNativeTarget;
			buildConfigurationList = 992F4BE319ED7E580088B340 /* Build configuration list for PBXNativeTarget "Age Of Laika" */;
			buildPhases = (
				992F4BC019ED7E570088B340 /* Sources */,
				992F4BC119ED7E570088B340 /* Frameworks */,
				992F4BC219ED7E570088B340 /* Resources */,
			);
			buildRules = (
			);
			dependencies = (
			);
			name = "Age Of Laika";
			productName = "Age Of Laika";
			productReference = 992F4BC419ED7E570088B340 /* Age Of Laika.app */;
			productType = "com.apple.product-type.application";
		};
		992F4BD819ED7E580088B340 /* Age Of LaikaTests */ = {
			isa = PBXNativeTarget;
			buildConfigurationList = 992F4BE619ED7E580088B340 /* Build configuration list for PBXNativeTarget "Age Of LaikaTests" */;
			buildPhases = (
				992F4BD519ED7E580088B340 /* Sources */,
				992F4BD619ED7E580088B340 /* Frameworks */,
				992F4BD719ED7E580088B340 /* Resources */,
			);
			buildRules = (
			);
			dependencies = (
				992F4BDB19ED7E580088B340 /* PBXTargetDependency */,
			);
			name = "Age Of LaikaTests";
			productName = "Age Of LaikaTests";
			productReference = 992F4BD919ED7E580088B340 /* Age Of LaikaTests.xctest */;
			productType = "com.apple.product-type.bundle.unit-test";
		};
/* End PBXNativeTarget section */

/* Begin PBXProject section */
		992F4BBC19ED7E570088B340 /* Project object */ = {
			isa = PBXProject;
			attributes = {
				LastUpgradeCheck = 0600;
				ORGANIZATIONNAME = "VP App Studios";
				TargetAttributes = {
					992F4BC319ED7E570088B340 = {
						CreatedOnToolsVersion = 6.0;
					};
					992F4BD819ED7E580088B340 = {
						CreatedOnToolsVersion = 6.0;
						TestTargetID = 992F4BC319ED7E570088B340;
					};
				};
			};
			buildConfigurationList = 992F4BBF19ED7E570088B340 /* Build configuration list for PBXProject "Age Of Laika" */;
			compatibilityVersion = "Xcode 3.2";
			developmentRegion = English;
			hasScannedForEncodings = 0;
			knownRegions = (
				en,
				Base,
			);
			mainGroup = 992F4BBB19ED7E570088B340;
			productRefGroup = 992F4BC519ED7E570088B340 /* Products */;
			projectDirPath = "";
			projectRoot = "";
			targets = (
				992F4BC319ED7E570088B340 /* Age Of Laika */,
				992F4BD819ED7E580088B340 /* Age Of LaikaTests */,
			);
		};
/* End PBXProject section */

/* Begin PBXResourcesBuildPhase section */
		992F4BC219ED7E570088B340 /* Resources */ = {
			isa = PBXResourcesBuildPhase;
			buildActionMask = 2147483647;
			files = (
				992F4BCF19ED7E570088B340 /* Main.storyboard in Resources */,
				992F4BD419ED7E570088B340 /* LaunchScreen.xib in Resources */,
				992F4BD119ED7E570088B340 /* Images.xcassets in Resources */,
			);
			runOnlyForDeploymentPostprocessing = 0;
		};
		992F4BD719ED7E580088B340 /* Resources */ = {
			isa = PBXResourcesBuildPhase;
			buildActionMask = 2147483647;
			files = (
			);
			runOnlyForDeploymentPostprocessing = 0;
		};
/* End PBXResourcesBuildPhase section */

/* Begin PBXSourcesBuildPhase section */
		992F4BC019ED7E570088B340 /* Sources */ = {
			isa = PBXSourcesBuildPhase;
			buildActionMask = 2147483647;
			files = (
				992F4BCC19ED7E570088B340 /* ViewController.swift in Sources */,
				992F4BCA19ED7E570088B340 /* AppDelegate.swift in Sources */,
			);
			runOnlyForDeploymentPostprocessing = 0;
		};
		992F4BD519ED7E580088B340 /* Sources */ = {
			isa = PBXSourcesBuildPhase;
			buildActionMask = 2147483647;
			files = (
				992F4BE019ED7E580088B340 /* Age_Of_LaikaTests.swift in Sources */,
			);
			runOnlyForDeploymentPostprocessing = 0;
		};
/* End PBXSourcesBuildPhase section */

/* Begin PBXTargetDependency section */
		992F4BDB19ED7E580088B340 /* PBXTargetDependency */ = {
			isa = PBXTargetDependency;
			target = 992F4BC319ED7E570088B340 /* Age Of Laika */;
			targetProxy = 992F4BDA19ED7E580088B340 /* PBXContainerItemProxy */;
		};
/* End PBXTargetDependency section */

/* Begin PBXVariantGroup section */
		992F4BCD19ED7E570088B340 /* Main.storyboard */ = {
			isa = PBXVariantGroup;
			children = (
				992F4BCE19ED7E570088B340 /* Base */,
			);
			name = Main.storyboard;
			sourceTree = "<group>";
		};
		992F4BD219ED7E570088B340 /* LaunchScreen.xib */ = {
			isa = PBXVariantGroup;
			children = (
				992F4BD319ED7E570088B340 /* Base */,
			);
			name = LaunchScreen.xib;
			sourceTree = "<group>";
		};
/* End PBXVariantGroup section */

/* Begin XCBuildConfiguration section */
		992F4BE119ED7E580088B340 /* Debug */ = {
			isa = XCBuildConfiguration;
			buildSettings = {
				ALWAYS_SEARCH_USER_PATHS = NO;
				CLANG_CXX_LANGUAGE_STANDARD = "gnu++0x";
				CLANG_CXX_LIBRARY = "libc++";
				CLANG_ENABLE_MODULES = YES;
				CLANG_ENABLE_OBJC_ARC = YES;
				CLANG_WARN_BOOL_CONVERSION = YES;
				CLANG_WARN_CONSTANT_CONVERSION = YES;
				CLANG_WARN_DIRECT_OBJC_ISA_USAGE = YES_ERROR;
				CLANG_WARN_EMPTY_BODY = YES;
				CLANG_WARN_ENUM_CONVERSION = YES;
				CLANG_WARN_INT_CONVERSION = YES;
				CLANG_WARN_OBJC_ROOT_CLASS = YES_ERROR;
				CLANG_WARN_UNREACHABLE_CODE = YES;
				CLANG_WARN__DUPLICATE_METHOD_MATCH = YES;
				"CODE_SIGN_IDENTITY[sdk=iphoneos*]" = "iPhone Developer";
				COPY_PHASE_STRIP = NO;
				ENABLE_STRICT_OBJC_MSGSEND = YES;
				GCC_C_LANGUAGE_STANDARD = gnu99;
				GCC_DYNAMIC_NO_PIC = NO;
				GCC_OPTIMIZATION_LEVEL = 0;
				GCC_PREPROCESSOR_DEFINITIONS = (
					"DEBUG=1",
					"$(inherited)",
				);
				GCC_SYMBOLS_PRIVATE_EXTERN = NO;
				GCC_WARN_64_TO_32_BIT_CONVERSION = YES;
				GCC_WARN_ABOUT_RETURN_TYPE = YES_ERROR;
				GCC_WARN_UNDECLARED_SELECTOR = YES;
				GCC_WARN_UNINITIALIZED_AUTOS = YES_AGGRESSIVE;
				GCC_WARN_UNUSED_FUNCTION = YES;
				GCC_WARN_UNUSED_VARIABLE = YES;
				IPHONEOS_DEPLOYMENT_TARGET = 8.0;
				MTL_ENABLE_DEBUG_INFO = YES;
				ONLY_ACTIVE_ARCH = YES;
				SDKROOT = iphoneos;
				SWIFT_OPTIMIZATION_LEVEL = "-Onone";
				TARGETED_DEVICE_FAMILY = "1,2";
			};
			name = Debug;
		};
		992F4BE219ED7E580088B340 /* Release */ = {
			isa = XCBuildConfiguration;
			buildSettings = {
				ALWAYS_SEARCH_USER_PATHS = NO;
				CLANG_CXX_LANGUAGE_STANDARD = "gnu++0x";
				CLANG_CXX_LIBRARY = "libc++";
				CLANG_ENABLE_MODULES = YES;
				CLANG_ENABLE_OBJC_ARC = YES;
				CLANG_WARN_BOOL_CONVERSION = YES;
				CLANG_WARN_CONSTANT_CONVERSION = YES;
				CLANG_WARN_DIRECT_OBJC_ISA_USAGE = YES_ERROR;
				CLANG_WARN_EMPTY_BODY = YES;
				CLANG_WARN_ENUM_CONVERSION = YES;
				CLANG_WARN_INT_CONVERSION = YES;
				CLANG_WARN_OBJC_ROOT_CLASS = YES_ERROR;
				CLANG_WARN_UNREACHABLE_CODE = YES;
				CLANG_WARN__DUPLICATE_METHOD_MATCH = YES;
				"CODE_SIGN_IDENTITY[sdk=iphoneos*]" = "iPhone Developer";
				COPY_PHASE_STRIP = YES;
				ENABLE_NS_ASSERTIONS = NO;
				ENABLE_STRICT_OBJC_MSGSEND = YES;
				GCC_C_LANGUAGE_STANDARD = gnu99;
				GCC_WARN_64_TO_32_BIT_CONVERSION = YES;
				GCC_WARN_ABOUT_RETURN_TYPE = YES_ERROR;
				GCC_WARN_UNDECLARED_SELECTOR = YES;
				GCC_WARN_UNINITIALIZED_AUTOS = YES_AGGRESSIVE;
				GCC_WARN_UNUSED_FUNCTION = YES;
				GCC_WARN_UNUSED_VARIABLE = YES;
				IPHONEOS_DEPLOYMENT_TARGET = 8.0;
				MTL_ENABLE_DEBUG_INFO = NO;
				SDKROOT = iphoneos;
				TARGETED_DEVICE_FAMILY = "1,2";
				VALIDATE_PRODUCT = YES;
			};
			name = Release;
		};
		992F4BE419ED7E580088B340 /* Debug */ = {
			isa = XCBuildConfiguration;
			buildSettings = {
				ASSETCATALOG_COMPILER_APPICON_NAME = AppIcon;
				INFOPLIST_FILE = "Age Of Laika/Info.plist";
				LD_RUNPATH_SEARCH_PATHS = "$(inherited) @executable_path/Frameworks";
				PRODUCT_NAME = "$(TARGET_NAME)";
			};
			name = Debug;
		};
		992F4BE519ED7E580088B340 /* Release */ = {
			isa = XCBuildConfiguration;
			buildSettings = {
				ASSETCATALOG_COMPILER_APPICON_NAME = AppIcon;
				INFOPLIST_FILE = "Age Of Laika/Info.plist";
				LD_RUNPATH_SEARCH_PATHS = "$(inherited) @executable_path/Frameworks";
				PRODUCT_NAME = "$(TARGET_NAME)";
			};
			name = Release;
		};
		992F4BE719ED7E580088B340 /* Debug */ = {
			isa = XCBuildConfiguration;
			buildSettings = {
				BUNDLE_LOADER = "$(TEST_HOST)";
				FRAMEWORK_SEARCH_PATHS = (
					"$(SDKROOT)/Developer/Library/Frameworks",
					"$(inherited)",
				);
				GCC_PREPROCESSOR_DEFINITIONS = (
					"DEBUG=1",
					"$(inherited)",
				);
				INFOPLIST_FILE = "Age Of LaikaTests/Info.plist";
				LD_RUNPATH_SEARCH_PATHS = "$(inherited) @executable_path/Frameworks @loader_path/Frameworks";
				PRODUCT_NAME = "$(TARGET_NAME)";
				TEST_HOST = "$(BUILT_PRODUCTS_DIR)/Age Of Laika.app/Age Of Laika";
			};
			name = Debug;
		};
		992F4BE819ED7E580088B340 /* Release */ = {
			isa = XCBuildConfiguration;
			buildSettings = {
				BUNDLE_LOADER = "$(TEST_HOST)";
				FRAMEWORK_SEARCH_PATHS = (
					"$(SDKROOT)/Developer/Library/Frameworks",
					"$(inherited)",
				);
				INFOPLIST_FILE = "Age Of LaikaTests/Info.plist";
				LD_RUNPATH_SEARCH_PATHS = "$(inherited) @executable_path/Frameworks @loader_path/Frameworks";
				PRODUCT_NAME = "$(TARGET_NAME)";
				TEST_HOST = "$(BUILT_PRODUCTS_DIR)/Age Of Laika.app/Age Of Laika";
			};
			name = Release;
		};
/* End XCBuildConfiguration section */

/* Begin XCConfigurationList section */
		992F4BBF19ED7E570088B340 /* Build configuration list for PBXProject "Age Of Laika" */ = {
			isa = XCConfigurationList;
			buildConfigurations = (
				992F4BE119ED7E580088B340 /* Debug */,
				992F4BE219ED7E580088B340 /* Release */,
			);
			defaultConfigurationIsVisible = 0;
			defaultConfigurationName = Release;
		};
		992F4BE319ED7E580088B340 /* Build configuration list for PBXNativeTarget "Age Of Laika" */ = {
			isa = XCConfigurationList;
			buildConfigurations = (
				992F4BE419ED7E580088B340 /* Debug */,
				992F4BE519ED7E580088B340 /* Release */,
			);
			defaultConfigurationIsVisible = 0;
		};
		992F4BE619ED7E580088B340 /* Build configuration list for PBXNativeTarget "Age Of LaikaTests" */ = {
			isa = XCConfigurationList;
			buildConfigurations = (
				992F4BE719ED7E580088B340 /* Debug */,
				992F4BE819ED7E580088B340 /* Release */,
			);
			defaultConfigurationIsVisible = 0;
		};
/* End XCConfigurationList section */
	};
	rootObject = 992F4BBC19ED7E570088B340 /* Project object */;
}
